
Microsoft Visual Studio Solution File, Format Version 12.00
# Visual Studio Version 17
VisualStudioVersion = 17.4.33213.308
MinimumVisualStudioVersion = 10.0.40219.1
Project("{9A19103F-16F7-4668-BE54-9A1E7A4F7556}") = "HomeWork_05.06.2023", "HomeWork_05.06.2023\HomeWork_05.06.2023.csproj", "{DE538FE9-CE46-4BE0-97FC-19A04B2C6BC2}"
EndProject
Project("{FAE04EC0-301F-11D3-BF4B-00C04F79EFBC}") = "HomeWork_07.06.2023", "HomeWork_07.06.2023\HomeWork_07.06.2023.csproj", "{2E063130-A141-48D5-8F44-1A3D5C4F0053}"
EndProject
Project("{FAE04EC0-301F-11D3-BF4B-00C04F79EFBC}") = "HomeWork_09.06.2023", "HomeWork_09.06.2023\HomeWork_09.06.2023.csproj", "{7AC2B720-5D4E-4D0C-94FE-E82D3F87BACB}"
EndProject
Global
	GlobalSection(SolutionConfigurationPlatforms) = preSolution
		Debug|Any CPU = Debug|Any CPU
		Release|Any CPU = Release|Any CPU
	EndGlobalSection
	GlobalSection(ProjectConfigurationPlatforms) = postSolution
		{DE538FE9-CE46-4BE0-97FC-19A04B2C6BC2}.Debug|Any CPU.ActiveCfg = Debug|Any CPU
		{DE538FE9-CE46-4BE0-97FC-19A04B2C6BC2}.Debug|Any CPU.Build.0 = Debug|Any CPU
		{DE538FE9-CE46-4BE0-97FC-19A04B2C6BC2}.Release|Any CPU.ActiveCfg = Release|Any CPU
		{DE538FE9-CE46-4BE0-97FC-19A04B2C6BC2}.Release|Any CPU.Build.0 = Release|Any CPU
		{2E063130-A141-48D5-8F44-1A3D5C4F0053}.Debug|Any CPU.ActiveCfg = Debug|Any CPU
		{2E063130-A141-48D5-8F44-1A3D5C4F0053}.Debug|Any CPU.Build.0 = Debug|Any CPU
		{2E063130-A141-48D5-8F44-1A3D5C4F0053}.Release|Any CPU.ActiveCfg = Release|Any CPU
		{2E063130-A141-48D5-8F44-1A3D5C4F0053}.Release|Any CPU.Build.0 = Release|Any CPU
		{7AC2B720-5D4E-4D0C-94FE-E82D3F87BACB}.Debug|Any CPU.ActiveCfg = Debug|Any CPU
		{7AC2B720-5D4E-4D0C-94FE-E82D3F87BACB}.Debug|Any CPU.Build.0 = Debug|Any CPU
		{7AC2B720-5D4E-4D0C-94FE-E82D3F87BACB}.Release|Any CPU.ActiveCfg = Release|Any CPU
		{7AC2B720-5D4E-4D0C-94FE-E82D3F87BACB}.Release|Any CPU.Build.0 = Release|Any CPU
	EndGlobalSection
	GlobalSection(SolutionProperties) = preSolution
		HideSolutionNode = FALSE
	EndGlobalSection
	GlobalSection(ExtensibilityGlobals) = postSolution
		SolutionGuid = {DF1336DD-6E99-4B88-937A-8772C606E9C9}
	EndGlobalSection
EndGlobal
